
Microsoft Visual Studio Solution File, Format Version 12.00
# Visual Studio Version 17
VisualStudioVersion = 17.6.33829.357
MinimumVisualStudioVersion = 10.0.40219.1
Project("{FAE04EC0-301F-11D3-BF4B-00C04F79EFBC}") = "DisplayTest", "FeatherV7\FeatherV7.csproj", "{5462EFB5-3985-4A11-90DB-84E6AC6DECE0}"
EndProject
Global
	GlobalSection(SolutionConfigurationPlatforms) = preSolution
		Debug|Any CPU = Debug|Any CPU
		Release|Any CPU = Release|Any CPU
	EndGlobalSection
	GlobalSection(ProjectConfigurationPlatforms) = postSolution
		{5462EFB5-3985-4A11-90DB-84E6AC6DECE0}.Debug|Any CPU.ActiveCfg = Debug|Any CPU
		{5462EFB5-3985-4A11-90DB-84E6AC6DECE0}.Debug|Any CPU.Build.0 = Debug|Any CPU
		{5462EFB5-3985-4A11-90DB-84E6AC6DECE0}.Debug|Any CPU.Deploy.0 = Debug|Any CPU
		{5462EFB5-3985-4A11-90DB-84E6AC6DECE0}.Release|Any CPU.ActiveCfg = Release|Any CPU
		{5462EFB5-3985-4A11-90DB-84E6AC6DECE0}.Release|Any CPU.Build.0 = Release|Any CPU
		{5462EFB5-3985-4A11-90DB-84E6AC6DECE0}.Release|Any CPU.Deploy.0 = Release|Any CPU
	EndGlobalSection
	GlobalSection(SolutionProperties) = preSolution
		HideSolutionNode = FALSE
	EndGlobalSection
	GlobalSection(ExtensibilityGlobals) = postSolution
		SolutionGuid = {D28DAD13-60B7-4675-A57C-F26E00E43BB7}
	EndGlobalSection
EndGlobal
